
Microsoft Visual Studio Solution File, Format Version 12.00
# Visual Studio Version 16
VisualStudioVersion = 16.0.30114.105
MinimumVisualStudioVersion = 10.0.40219.1
Project("{FAE04EC0-301F-11D3-BF4B-00C04F79EFBC}") = "Client", "Client\Client.csproj", "{C151C8FE-211E-4278-8353-CA08E6CCE80F}"
EndProject
Project("{FAE04EC0-301F-11D3-BF4B-00C04F79EFBC}") = "Application", "Application\Application.csproj", "{2E50739F-12B8-43C8-89A2-942276FEDE0D}"
EndProject
Project("{FAE04EC0-301F-11D3-BF4B-00C04F79EFBC}") = "Infrastructure", "Infrastructure\Infrastructure.csproj", "{27E8A1F3-1C61-491B-98D5-F155FD446B03}"
EndProject
Project("{FAE04EC0-301F-11D3-BF4B-00C04F79EFBC}") = "Domain", "Domain\Domain.csproj", "{C061EAA8-8481-4FC4-AAB6-2731273ECBA1}"
EndProject
Global
	GlobalSection(SolutionConfigurationPlatforms) = preSolution
		Debug|Any CPU = Debug|Any CPU
		Debug|x64 = Debug|x64
		Debug|x86 = Debug|x86
		Release|Any CPU = Release|Any CPU
		Release|x64 = Release|x64
		Release|x86 = Release|x86
	EndGlobalSection
	GlobalSection(SolutionProperties) = preSolution
		HideSolutionNode = FALSE
	EndGlobalSection
	GlobalSection(ProjectConfigurationPlatforms) = postSolution
		{C151C8FE-211E-4278-8353-CA08E6CCE80F}.Debug|Any CPU.ActiveCfg = Debug|Any CPU
		{C151C8FE-211E-4278-8353-CA08E6CCE80F}.Debug|Any CPU.Build.0 = Debug|Any CPU
		{C151C8FE-211E-4278-8353-CA08E6CCE80F}.Debug|x64.ActiveCfg = Debug|Any CPU
		{C151C8FE-211E-4278-8353-CA08E6CCE80F}.Debug|x64.Build.0 = Debug|Any CPU
		{C151C8FE-211E-4278-8353-CA08E6CCE80F}.Debug|x86.ActiveCfg = Debug|Any CPU
		{C151C8FE-211E-4278-8353-CA08E6CCE80F}.Debug|x86.Build.0 = Debug|Any CPU
		{C151C8FE-211E-4278-8353-CA08E6CCE80F}.Release|Any CPU.ActiveCfg = Release|Any CPU
		{C151C8FE-211E-4278-8353-CA08E6CCE80F}.Release|Any CPU.Build.0 = Release|Any CPU
		{C151C8FE-211E-4278-8353-CA08E6CCE80F}.Release|x64.ActiveCfg = Release|Any CPU
		{C151C8FE-211E-4278-8353-CA08E6CCE80F}.Release|x64.Build.0 = Release|Any CPU
		{C151C8FE-211E-4278-8353-CA08E6CCE80F}.Release|x86.ActiveCfg = Release|Any CPU
		{C151C8FE-211E-4278-8353-CA08E6CCE80F}.Release|x86.Build.0 = Release|Any CPU
		{2E50739F-12B8-43C8-89A2-942276FEDE0D}.Debug|Any CPU.ActiveCfg = Debug|Any CPU
		{2E50739F-12B8-43C8-89A2-942276FEDE0D}.Debug|Any CPU.Build.0 = Debug|Any CPU
		{2E50739F-12B8-43C8-89A2-942276FEDE0D}.Debug|x64.ActiveCfg = Debug|Any CPU
		{2E50739F-12B8-43C8-89A2-942276FEDE0D}.Debug|x64.Build.0 = Debug|Any CPU
		{2E50739F-12B8-43C8-89A2-942276FEDE0D}.Debug|x86.ActiveCfg = Debug|Any CPU
		{2E50739F-12B8-43C8-89A2-942276FEDE0D}.Debug|x86.Build.0 = Debug|Any CPU
		{2E50739F-12B8-43C8-89A2-942276FEDE0D}.Release|Any CPU.ActiveCfg = Release|Any CPU
		{2E50739F-12B8-43C8-89A2-942276FEDE0D}.Release|Any CPU.Build.0 = Release|Any CPU
		{2E50739F-12B8-43C8-89A2-942276FEDE0D}.Release|x64.ActiveCfg = Release|Any CPU
		{2E50739F-12B8-43C8-89A2-942276FEDE0D}.Release|x64.Build.0 = Release|Any CPU
		{2E50739F-12B8-43C8-89A2-942276FEDE0D}.Release|x86.ActiveCfg = Release|Any CPU
		{2E50739F-12B8-43C8-89A2-942276FEDE0D}.Release|x86.Build.0 = Release|Any CPU
		{27E8A1F3-1C61-491B-98D5-F155FD446B03}.Debug|Any CPU.ActiveCfg = Debug|Any CPU
		{27E8A1F3-1C61-491B-98D5-F155FD446B03}.Debug|Any CPU.Build.0 = Debug|Any CPU
		{27E8A1F3-1C61-491B-98D5-F155FD446B03}.Debug|x64.ActiveCfg = Debug|Any CPU
		{27E8A1F3-1C61-491B-98D5-F155FD446B03}.Debug|x64.Build.0 = Debug|Any CPU
		{27E8A1F3-1C61-491B-98D5-F155FD446B03}.Debug|x86.ActiveCfg = Debug|Any CPU
		{27E8A1F3-1C61-491B-98D5-F155FD446B03}.Debug|x86.Build.0 = Debug|Any CPU
		{27E8A1F3-1C61-491B-98D5-F155FD446B03}.Release|Any CPU.ActiveCfg = Release|Any CPU
		{27E8A1F3-1C61-491B-98D5-F155FD446B03}.Release|Any CPU.Build.0 = Release|Any CPU
		{27E8A1F3-1C61-491B-98D5-F155FD446B03}.Release|x64.ActiveCfg = Release|Any CPU
		{27E8A1F3-1C61-491B-98D5-F155FD446B03}.Release|x64.Build.0 = Release|Any CPU
		{27E8A1F3-1C61-491B-98D5-F155FD446B03}.Release|x86.ActiveCfg = Release|Any CPU
		{27E8A1F3-1C61-491B-98D5-F155FD446B03}.Release|x86.Build.0 = Release|Any CPU
		{C061EAA8-8481-4FC4-AAB6-2731273ECBA1}.Debug|Any CPU.ActiveCfg = Debug|Any CPU
		{C061EAA8-8481-4FC4-AAB6-2731273ECBA1}.Debug|Any CPU.Build.0 = Debug|Any CPU
		{C061EAA8-8481-4FC4-AAB6-2731273ECBA1}.Debug|x64.ActiveCfg = Debug|Any CPU
		{C061EAA8-8481-4FC4-AAB6-2731273ECBA1}.Debug|x64.Build.0 = Debug|Any CPU
		{C061EAA8-8481-4FC4-AAB6-2731273ECBA1}.Debug|x86.ActiveCfg = Debug|Any CPU
		{C061EAA8-8481-4FC4-AAB6-2731273ECBA1}.Debug|x86.Build.0 = Debug|Any CPU
		{C061EAA8-8481-4FC4-AAB6-2731273ECBA1}.Release|Any CPU.ActiveCfg = Release|Any CPU
		{C061EAA8-8481-4FC4-AAB6-2731273ECBA1}.Release|Any CPU.Build.0 = Release|Any CPU
		{C061EAA8-8481-4FC4-AAB6-2731273ECBA1}.Release|x64.ActiveCfg = Release|Any CPU
		{C061EAA8-8481-4FC4-AAB6-2731273ECBA1}.Release|x64.Build.0 = Release|Any CPU
		{C061EAA8-8481-4FC4-AAB6-2731273ECBA1}.Release|x86.ActiveCfg = Release|Any CPU
		{C061EAA8-8481-4FC4-AAB6-2731273ECBA1}.Release|x86.Build.0 = Release|Any CPU
	EndGlobalSection
EndGlobal
